
Microsoft Visual Studio Solution File, Format Version 12.00
# Visual Studio Version 16
VisualStudioVersion = 16.0.30204.135
MinimumVisualStudioVersion = 10.0.40219.1
Project("{FAE04EC0-301F-11D3-BF4B-00C04F79EFBC}") = "MyFirstConsoleApp", "MyFirstConsoleApp\MyFirstConsoleApp.csproj", "{848799D0-1FA7-46C1-9553-01BBF27D8699}"
EndProject
Global
	GlobalSection(SolutionConfigurationPlatforms) = preSolution
		Debug|Any CPU = Debug|Any CPU
		Release|Any CPU = Release|Any CPU
	EndGlobalSection
	GlobalSection(ProjectConfigurationPlatforms) = postSolution
		{848799D0-1FA7-46C1-9553-01BBF27D8699}.Debug|Any CPU.ActiveCfg = Debug|Any CPU
		{848799D0-1FA7-46C1-9553-01BBF27D8699}.Debug|Any CPU.Build.0 = Debug|Any CPU
		{848799D0-1FA7-46C1-9553-01BBF27D8699}.Release|Any CPU.ActiveCfg = Release|Any CPU
		{848799D0-1FA7-46C1-9553-01BBF27D8699}.Release|Any CPU.Build.0 = Release|Any CPU
	EndGlobalSection
	GlobalSection(SolutionProperties) = preSolution
		HideSolutionNode = FALSE
	EndGlobalSection
	GlobalSection(ExtensibilityGlobals) = postSolution
		SolutionGuid = {A1333C98-1E13-4CD7-8C33-F6AADDC56108}
	EndGlobalSection
EndGlobal
