
Microsoft Visual Studio Solution File, Format Version 12.00
# Visual Studio Version 16
VisualStudioVersion = 16.0.30204.135
MinimumVisualStudioVersion = 10.0.40219.1
Project("{FAE04EC0-301F-11D3-BF4B-00C04F79EFBC}") = "My_First_Arrays", "My_First_Arrays\My_First_Arrays.csproj", "{1FC0F8B2-FF46-4A6D-AB27-15BFBB352936}"
EndProject
Global
	GlobalSection(SolutionConfigurationPlatforms) = preSolution
		Debug|Any CPU = Debug|Any CPU
		Release|Any CPU = Release|Any CPU
	EndGlobalSection
	GlobalSection(ProjectConfigurationPlatforms) = postSolution
		{1FC0F8B2-FF46-4A6D-AB27-15BFBB352936}.Debug|Any CPU.ActiveCfg = Debug|Any CPU
		{1FC0F8B2-FF46-4A6D-AB27-15BFBB352936}.Debug|Any CPU.Build.0 = Debug|Any CPU
		{1FC0F8B2-FF46-4A6D-AB27-15BFBB352936}.Release|Any CPU.ActiveCfg = Release|Any CPU
		{1FC0F8B2-FF46-4A6D-AB27-15BFBB352936}.Release|Any CPU.Build.0 = Release|Any CPU
	EndGlobalSection
	GlobalSection(SolutionProperties) = preSolution
		HideSolutionNode = FALSE
	EndGlobalSection
	GlobalSection(ExtensibilityGlobals) = postSolution
		SolutionGuid = {66D90D43-51F2-4604-9DFA-6D69C9297F35}
	EndGlobalSection
EndGlobal
